
Microsoft Visual Studio Solution File, Format Version 12.00
# Visual Studio Version 17
VisualStudioVersion = 17.1.32328.378
MinimumVisualStudioVersion = 10.0.40219.1
Project("{FAE04EC0-301F-11D3-BF4B-00C04F79EFBC}") = "Trabajo 1 Diseño", "Trabajo 1 Diseño\Trabajo 1 Diseño.csproj", "{FC1C219D-A623-49EA-9A70-87C11F71D27F}"
EndProject
Global
	GlobalSection(SolutionConfigurationPlatforms) = preSolution
		Debug|Any CPU = Debug|Any CPU
		Release|Any CPU = Release|Any CPU
	EndGlobalSection
	GlobalSection(ProjectConfigurationPlatforms) = postSolution
		{FC1C219D-A623-49EA-9A70-87C11F71D27F}.Debug|Any CPU.ActiveCfg = Debug|Any CPU
		{FC1C219D-A623-49EA-9A70-87C11F71D27F}.Debug|Any CPU.Build.0 = Debug|Any CPU
		{FC1C219D-A623-49EA-9A70-87C11F71D27F}.Release|Any CPU.ActiveCfg = Release|Any CPU
		{FC1C219D-A623-49EA-9A70-87C11F71D27F}.Release|Any CPU.Build.0 = Release|Any CPU
	EndGlobalSection
	GlobalSection(SolutionProperties) = preSolution
		HideSolutionNode = FALSE
	EndGlobalSection
	GlobalSection(ExtensibilityGlobals) = postSolution
		SolutionGuid = {5B977EE7-0F8C-446B-86CC-FB440AF00F07}
	EndGlobalSection
EndGlobal
